
Microsoft Visual Studio Solution File, Format Version 12.00
# Visual Studio Version 17
VisualStudioVersion = 17.13.35919.96 d17.13
MinimumVisualStudioVersion = 10.0.40219.1
Project("{FAE04EC0-301F-11D3-BF4B-00C04F79EFBC}") = "Pract-Prueba-C#", "Pract-Prueba-C#.csproj", "{978A3846-1F9F-41A1-A64D-EA37F54990BA}"
EndProject
Global
	GlobalSection(SolutionConfigurationPlatforms) = preSolution
		Debug|Any CPU = Debug|Any CPU
		Release|Any CPU = Release|Any CPU
	EndGlobalSection
	GlobalSection(ProjectConfigurationPlatforms) = postSolution
		{978A3846-1F9F-41A1-A64D-EA37F54990BA}.Debug|Any CPU.ActiveCfg = Debug|Any CPU
		{978A3846-1F9F-41A1-A64D-EA37F54990BA}.Debug|Any CPU.Build.0 = Debug|Any CPU
		{978A3846-1F9F-41A1-A64D-EA37F54990BA}.Release|Any CPU.ActiveCfg = Release|Any CPU
		{978A3846-1F9F-41A1-A64D-EA37F54990BA}.Release|Any CPU.Build.0 = Release|Any CPU
	EndGlobalSection
	GlobalSection(SolutionProperties) = preSolution
		HideSolutionNode = FALSE
	EndGlobalSection
	GlobalSection(ExtensibilityGlobals) = postSolution
		SolutionGuid = {89D93C1B-1087-4F2D-973D-5B68D1C6F5F9}
	EndGlobalSection
EndGlobal
